
Microsoft Visual Studio Solution File, Format Version 12.00
# Visual Studio Version 17
VisualStudioVersion = 17.3.32922.545
MinimumVisualStudioVersion = 10.0.40219.1
Project("{888888A0-9F3D-457C-B088-3A5042F75D52}") = "RecursiveHardLink", "RecursiveHardLink\RecursiveHardLink.pyproj", "{E77DA2DB-A779-43C4-8AD5-28A896FA4527}"
EndProject
Global
	GlobalSection(SolutionConfigurationPlatforms) = preSolution
		Debug|Any CPU = Debug|Any CPU
		Release|Any CPU = Release|Any CPU
	EndGlobalSection
	GlobalSection(ProjectConfigurationPlatforms) = postSolution
		{E77DA2DB-A779-43C4-8AD5-28A896FA4527}.Debug|Any CPU.ActiveCfg = Debug|Any CPU
		{E77DA2DB-A779-43C4-8AD5-28A896FA4527}.Release|Any CPU.ActiveCfg = Release|Any CPU
	EndGlobalSection
	GlobalSection(SolutionProperties) = preSolution
		HideSolutionNode = FALSE
	EndGlobalSection
	GlobalSection(ExtensibilityGlobals) = postSolution
		SolutionGuid = {D47B1851-F458-4315-8911-AD8242E41659}
	EndGlobalSection
EndGlobal
